
Microsoft Visual Studio Solution File, Format Version 12.00
# Visual Studio 2013
VisualStudioVersion = 12.0.30501.0
MinimumVisualStudioVersion = 10.0.40219.1
Project("{FAE04EC0-301F-11D3-BF4B-00C04F79EFBC}") = "otobusdeneme", "otobusdeneme\otobusdeneme.csproj", "{ACC27952-283C-42F8-A0A9-4FDDC318E97B}"
EndProject
Global
	GlobalSection(SolutionConfigurationPlatforms) = preSolution
		Debug|Any CPU = Debug|Any CPU
		Release|Any CPU = Release|Any CPU
	EndGlobalSection
	GlobalSection(ProjectConfigurationPlatforms) = postSolution
		{ACC27952-283C-42F8-A0A9-4FDDC318E97B}.Debug|Any CPU.ActiveCfg = Debug|Any CPU
		{ACC27952-283C-42F8-A0A9-4FDDC318E97B}.Debug|Any CPU.Build.0 = Debug|Any CPU
		{ACC27952-283C-42F8-A0A9-4FDDC318E97B}.Release|Any CPU.ActiveCfg = Release|Any CPU
		{ACC27952-283C-42F8-A0A9-4FDDC318E97B}.Release|Any CPU.Build.0 = Release|Any CPU
	EndGlobalSection
	GlobalSection(SolutionProperties) = preSolution
		HideSolutionNode = FALSE
	EndGlobalSection
EndGlobal
